{
  "name": "@openctx/provider-modelcontextprotocoltools",
  "version": "0.0.13",
  "lockfileVersion": 3,
  "requires": true,
  "packages": {
    "": {
      "name": "@openctx/provider-modelcontextprotocoltools",
      "version": "0.0.13",
      "license": "Apache-2.0",
      "dependencies": {
        "@modelcontextprotocol/sdk": "1.0.1",
        "@openctx/provider": "^0.0.13",
        "express": "^4.21.1",
        "json-schema-to-zod": "^0.1.1"
      }
    },
    "../../node_modules/.pnpm/@modelcontextprotocol+sdk@1.0.1/node_modules/@modelcontextprotocol/sdk": {
      "version": "1.0.1",
      "license": "MIT",
      "dependencies": {
        "content-type": "^1.0.5",
        "raw-body": "^3.0.0",
        "zod": "^3.23.8"
      },
      "devDependencies": {
        "@eslint/js": "^9.8.0",
        "@types/content-type": "^1.1.8",
        "@types/eslint__js": "^8.42.3",
        "@types/eventsource": "^1.1.15",
        "@types/express": "^4.17.21",
        "@types/jest": "^29.5.12",
        "@types/node": "^22.0.2",
        "@types/ws": "^8.5.12",
        "eslint": "^9.8.0",
        "eventsource": "^2.0.2",
        "express": "^4.19.2",
        "jest": "^29.7.0",
        "ts-jest": "^29.2.4",
        "tsx": "^4.16.5",
        "typescript": "^5.5.4",
        "typescript-eslint": "^8.0.0",
        "ws": "^8.18.0"
      }
    },
    "../../node_modules/.pnpm/express@4.21.2/node_modules/express": {
      "version": "4.21.2",
      "license": "MIT",
      "dependencies": {
        "accepts": "~1.3.8",
        "array-flatten": "1.1.1",
        "body-parser": "1.20.3",
        "content-disposition": "0.5.4",
        "content-type": "~1.0.4",
        "cookie": "0.7.1",
        "cookie-signature": "1.0.6",
        "debug": "2.6.9",
        "depd": "2.0.0",
        "encodeurl": "~2.0.0",
        "escape-html": "~1.0.3",
        "etag": "~1.8.1",
        "finalhandler": "1.3.1",
        "fresh": "0.5.2",
        "http-errors": "2.0.0",
        "merge-descriptors": "1.0.3",
        "methods": "~1.1.2",
        "on-finished": "2.4.1",
        "parseurl": "~1.3.3",
        "path-to-regexp": "0.1.12",
        "proxy-addr": "~2.0.7",
        "qs": "6.13.0",
        "range-parser": "~1.2.1",
        "safe-buffer": "5.2.1",
        "send": "0.19.0",
        "serve-static": "1.16.2",
        "setprototypeof": "1.2.0",
        "statuses": "2.0.1",
        "type-is": "~1.6.18",
        "utils-merge": "1.0.1",
        "vary": "~1.1.2"
      },
      "devDependencies": {
        "after": "0.8.2",
        "connect-redis": "3.4.2",
        "cookie-parser": "1.4.6",
        "cookie-session": "2.0.0",
        "ejs": "3.1.9",
        "eslint": "8.47.0",
        "express-session": "1.17.2",
        "hbs": "4.2.0",
        "marked": "0.7.0",
        "method-override": "3.0.0",
        "mocha": "10.2.0",
        "morgan": "1.10.0",
        "nyc": "15.1.0",
        "pbkdf2-password": "1.2.1",
        "supertest": "6.3.0",
        "vhost": "~3.0.2"
      },
      "engines": {
        "node": ">= 0.10.0"
      },
      "funding": {
        "type": "opencollective",
        "url": "https://opencollective.com/express"
      }
    },
    "../../node_modules/.pnpm/zod-to-json-schema@3.24.1_zod@3.23.8/node_modules/zod-to-json-schema": {
      "version": "3.24.1",
      "extraneous": true,
      "license": "ISC",
      "devDependencies": {
        "@types/json-schema": "^7.0.9",
        "@types/node": "^20.9.0",
        "ajv": "^8.6.3",
        "ajv-errors": "^3.0.0",
        "ajv-formats": "^2.1.1",
        "fast-diff": "^1.3.0",
        "local-ref-resolver": "^0.2.0",
        "rimraf": "^3.0.2",
        "tsx": "^4.19.0",
        "typescript": "^5.1.3",
        "zod": "^3.24.1"
      },
      "peerDependencies": {
        "zod": "^3.24.1"
      }
    },
    "../../node_modules/.pnpm/zod@3.23.8/node_modules/zod": {
      "version": "3.23.8",
      "extraneous": true,
      "license": "MIT",
      "devDependencies": {
        "@babel/core": "^7.22.5",
        "@babel/preset-env": "^7.22.5",
        "@babel/preset-typescript": "^7.22.5",
        "@jest/globals": "^29.4.3",
        "@rollup/plugin-typescript": "^8.2.0",
        "@swc/core": "^1.3.66",
        "@swc/jest": "^0.2.26",
        "@types/benchmark": "^2.1.0",
        "@types/jest": "^29.2.2",
        "@types/node": "14",
        "@typescript-eslint/eslint-plugin": "^5.15.0",
        "@typescript-eslint/parser": "^5.15.0",
        "babel-jest": "^29.5.0",
        "benchmark": "^2.1.4",
        "dependency-cruiser": "^9.19.0",
        "eslint": "^8.11.0",
        "eslint-config-prettier": "^8.5.0",
        "eslint-plugin-ban": "^1.6.0",
        "eslint-plugin-import": "^2.25.4",
        "eslint-plugin-simple-import-sort": "^7.0.0",
        "eslint-plugin-unused-imports": "^2.0.0",
        "husky": "^7.0.4",
        "jest": "^29.3.1",
        "lint-staged": "^12.3.7",
        "nodemon": "^2.0.15",
        "prettier": "^2.6.0",
        "pretty-quick": "^3.1.3",
        "rollup": "^2.70.1",
        "ts-jest": "^29.1.0",
        "ts-morph": "^14.0.0",
        "ts-node": "^10.9.1",
        "tslib": "^2.3.1",
        "tsx": "^3.8.0",
        "typescript": "~4.5.5",
        "vitest": "^0.32.2"
      },
      "funding": {
        "url": "https://github.com/sponsors/colinhacks"
      }
    },
    "node_modules/@apidevtools/json-schema-ref-parser": {
      "version": "9.0.9",
      "resolved": "https://registry.npmjs.org/@apidevtools/json-schema-ref-parser/-/json-schema-ref-parser-9.0.9.tgz",
      "integrity": "sha512-GBD2Le9w2+lVFoc4vswGI/TjkNIZSVp7+9xPf+X3uidBfWnAeUWmquteSyt0+VCrhNMWj/FTABISQrD3Z/YA+w==",
      "dependencies": {
        "@jsdevtools/ono": "^7.1.3",
        "@types/json-schema": "^7.0.6",
        "call-me-maybe": "^1.0.1",
        "js-yaml": "^4.1.0"
      }
    },
    "node_modules/@jsdevtools/ono": {
      "version": "7.1.3",
      "resolved": "https://registry.npmjs.org/@jsdevtools/ono/-/ono-7.1.3.tgz",
      "integrity": "sha512-4JQNk+3mVzK3xh2rqd6RB4J46qUR19azEHBneZyTZM+c456qOrbbM/5xcR8huNCCcbVt7+UmizG6GuUvPvKUYg=="
    },
    "node_modules/@modelcontextprotocol/sdk": {
      "resolved": "../../node_modules/.pnpm/@modelcontextprotocol+sdk@1.0.1/node_modules/@modelcontextprotocol/sdk",
      "link": true
    },
    "node_modules/@openctx/protocol": {
      "version": "0.0.13",
      "resolved": "https://registry.npmjs.org/@openctx/protocol/-/protocol-0.0.13.tgz",
      "integrity": "sha512-n5TD9ZLzc53ggOZJGRMgcHgE++9vh/W48bgNxBWj4qib0SX3tLa8kLV0IryIL0y5MKIzrRImDmNrGuWT/cxA+Q==",
      "dependencies": {
        "@openctx/schema": "0.0.11"
      }
    },
    "node_modules/@openctx/provider": {
      "version": "0.0.13",
      "resolved": "https://registry.npmjs.org/@openctx/provider/-/provider-0.0.13.tgz",
      "integrity": "sha512-w/c2QrybiEJo5bGRDjmikCVexuGZpJubNsRANAf0OIGuxzEMLZ321BtdGCEsvIzIm2guR0D59dJ6qUexo+Hdaw==",
      "dependencies": {
        "@openctx/protocol": "0.0.13",
        "@openctx/schema": "0.0.11",
        "picomatch": "^3.0.1"
      }
    },
    "node_modules/@openctx/schema": {
      "version": "0.0.11",
      "resolved": "https://registry.npmjs.org/@openctx/schema/-/schema-0.0.11.tgz",
      "integrity": "sha512-qPJBCZNxXv3NDAmXWO0TSzDwwAbAh+LmLfjzvepj1sd4iwuLtxYZJlIEMsZzOd/7lyV1NFFMzM/C3X9EDeUz/g=="
    },
    "node_modules/@types/json-schema": {
      "version": "7.0.15",
      "resolved": "https://registry.npmjs.org/@types/json-schema/-/json-schema-7.0.15.tgz",
      "integrity": "sha512-5+fP8P8MFNC+AyZCDxrB2pkZFPGzqQWUzpSeuuVLvm8VMcorNYavBqoFcxK8bQz4Qsbn4oUEEem4wDLfcysGHA=="
    },
    "node_modules/argparse": {
      "version": "2.0.1",
      "resolved": "https://registry.npmjs.org/argparse/-/argparse-2.0.1.tgz",
      "integrity": "sha512-8+9WqebbFzpX9OR+Wa6O29asIogeRMzcGtAINdpMHHyAg10f05aSFVBbcEqGf/PXw1EjAZ+q2/bEBg3DvurK3Q=="
    },
    "node_modules/call-me-maybe": {
      "version": "1.0.2",
      "resolved": "https://registry.npmjs.org/call-me-maybe/-/call-me-maybe-1.0.2.tgz",
      "integrity": "sha512-HpX65o1Hnr9HH25ojC1YGs7HCQLq0GCOibSaWER0eNpgJ/Z1MZv2mTc7+xh6WOPxbRVcmgbv4hGU+uSQ/2xFZQ=="
    },
    "node_modules/express": {
      "resolved": "../../node_modules/.pnpm/express@4.21.2/node_modules/express",
      "link": true
    },
    "node_modules/js-yaml": {
      "version": "4.1.0",
      "resolved": "https://registry.npmjs.org/js-yaml/-/js-yaml-4.1.0.tgz",
      "integrity": "sha512-wpxZs9NoxZaJESJGIZTyDEaYpl0FKSA+FB9aJiyemKhMwkxQg63h4T1KJgUGHpTqPDNRcmmYLugrRjJlBtWvRA==",
      "dependencies": {
        "argparse": "^2.0.1"
      },
      "bin": {
        "js-yaml": "bin/js-yaml.js"
      }
    },
    "node_modules/json-schema-ref-parser": {
      "version": "9.0.9",
      "resolved": "https://registry.npmjs.org/json-schema-ref-parser/-/json-schema-ref-parser-9.0.9.tgz",
      "integrity": "sha512-qcP2lmGy+JUoQJ4DOQeLaZDqH9qSkeGCK3suKWxJXS82dg728Mn3j97azDMaOUmJAN4uCq91LdPx4K7E8F1a7Q==",
      "deprecated": "Please switch to @apidevtools/json-schema-ref-parser",
      "dependencies": {
        "@apidevtools/json-schema-ref-parser": "9.0.9"
      },
      "engines": {
        "node": ">=10"
      }
    },
    "node_modules/json-schema-to-zod": {
      "version": "0.1.5",
      "resolved": "https://registry.npmjs.org/json-schema-to-zod/-/json-schema-to-zod-0.1.5.tgz",
      "integrity": "sha512-jJNMBluhFj9eQJq+zLFKwgwsPVm7vbIf3lxNBFY+58gnkYXUJVfpvQ2ujiDZZQDxAfaR5c9TvmfTUOOb46mfAw==",
      "dependencies": {
        "@types/json-schema": "^7.0.9",
        "json-schema-ref-parser": "^9.0.9",
        "prettier": "^2.4.1"
      },
      "bin": {
        "json-schema-to-zod": "cli.js"
      }
    },
    "node_modules/picomatch": {
      "version": "3.0.1",
      "resolved": "https://registry.npmjs.org/picomatch/-/picomatch-3.0.1.tgz",
      "integrity": "sha512-I3EurrIQMlRc9IaAZnqRR044Phh2DXY+55o7uJ0V+hYZAcQYSuFWsc9q5PvyDHUSCe1Qxn/iBz+78s86zWnGag==",
      "engines": {
        "node": ">=10"
      },
      "funding": {
        "url": "https://github.com/sponsors/jonschlinkert"
      }
    },
    "node_modules/prettier": {
      "version": "2.8.8",
      "resolved": "https://registry.npmjs.org/prettier/-/prettier-2.8.8.tgz",
      "integrity": "sha512-tdN8qQGvNjw4CHbY+XXk0JgCXn9QiF21a55rBe5LJAU+kDyC4WQn4+awm2Xfk2lQMk5fKup9XgzTZtGkjBdP9Q==",
      "bin": {
        "prettier": "bin-prettier.js"
      },
      "engines": {
        "node": ">=10.13.0"
      },
      "funding": {
        "url": "https://github.com/prettier/prettier?sponsor=1"
      }
    }
  }
}
